{
    "_readme": [
        "This file locks the dependencies of your project to a known state",
        "Read more about it at https://getcomposer.org/doc/01-basic-usage.md#composer-lock-the-lock-file",
        "This file is @generated automatically"
    ],
    "content-hash": "a948317e12606c623bad7e1a2af38957",
    "packages": [
        {
            "name": "corneltek/class-template",
            "version": "2.1.1",
            "source": {
                "type": "git",
                "url": "https://github.com/c9s/ClassTemplate.git",
                "reference": "f213ff8cf772c89c13f5e6df53ea0ab60f2532b3"
            },
            "dist": {
                "type": "zip",
                "url": "https://api.github.com/repos/c9s/ClassTemplate/zipball/f213ff8cf772c89c13f5e6df53ea0ab60f2532b3",
                "reference": "f213ff8cf772c89c13f5e6df53ea0ab60f2532b3",
                "shasum": ""
            },
            "require": {
                "corneltek/codegen": "^2",
                "php": ">=5.3.0",
                "twig/twig": "*"
            },
            "require-dev": {
                "corneltek/phpunit-testmore": "dev-master"
            },
            "type": "library",
            "autoload": {
                "psr-4": {
                    "ClassTemplate\\": "src/ClassTemplate/"
                }
            },
            "notification-url": "https://packagist.org/downloads/",
            "license": [
                "MIT"
            ],
            "authors": [
                {
                    "name": "Yo-An Lin",
                    "email": "yoanlin93@gmail.com",
                    "homepage": "http://c9s.me"
                }
            ],
            "description": "Class template Utilities",
            "homepage": "http://github.com/c9s/ClassTemplate",
            "time": "2015-08-26T06:29:11+00:00"
        },
        {
            "name": "corneltek/cliframework",
            "version": "2.8.1",
            "source": {
                "type": "git",
                "url": "https://github.com/c9s/CLIFramework.git",
                "reference": "7ca1239bb032f5cd1d746974954adde0233900ce"
            },
            "dist": {
                "type": "zip",
                "url": "https://api.github.com/repos/c9s/CLIFramework/zipball/7ca1239bb032f5cd1d746974954adde0233900ce",
                "reference": "7ca1239bb032f5cd1d746974954adde0233900ce",
                "shasum": ""
            },
            "require": {
                "corneltek/class-template": "^2",
                "corneltek/codegen": "^2",
                "corneltek/getoptionkit": "^2",
                "corneltek/universal": ">= 1.4",
                "php": ">=5.3.0",
                "pimple/pimple": "*",
                "symfony/class-loader": "^2.7",
                "symfony/finder": "^2.7"
            },
            "require-dev": {
                "corneltek/phpunit-testmore": "dev-master",
                "satooshi/php-coveralls": "dev-master"
            },
            "type": "library",
            "autoload": {
                "psr-4": {
                    "CLIFramework\\": "src/CLIFramework/"
                }
            },
            "notification-url": "https://packagist.org/downloads/",
            "license": [
                "MIT"
            ],
            "authors": [
                {
                    "name": "Yo-An Lin",
                    "email": "cornelius.howl@gmail.com",
                    "homepage": "http://c9s.me"
                }
            ],
            "description": "Command-line framework for PHP",
            "homepage": "http://github.com/c9s/CLIFramework",
            "keywords": [
                "command",
                "command-line",
                "completion",
                "framework",
                "getopt",
                "zsh"
            ],
            "time": "2015-11-07T11:01:47+00:00"
        },
        {
            "name": "corneltek/codegen",
            "version": "2.3.0",
            "source": {
                "type": "git",
                "url": "https://github.com/c9s/CodeGen.git",
                "reference": "5458c2ce84b1dd8c3d8c0705c3cd1b89a8937857"
            },
            "dist": {
                "type": "zip",
                "url": "https://api.github.com/repos/c9s/CodeGen/zipball/5458c2ce84b1dd8c3d8c0705c3cd1b89a8937857",
                "reference": "5458c2ce84b1dd8c3d8c0705c3cd1b89a8937857",
                "shasum": ""
            },
            "require": {
                "doctrine/inflector": "*",
                "php": ">=5.3.0",
                "twig/twig": "*"
            },
            "require-dev": {
                "corneltek/phpunit-testmore": "dev-master"
            },
            "type": "library",
            "autoload": {
                "psr-4": {
                    "CodeGen\\": "src/CodeGen/"
                }
            },
            "notification-url": "https://packagist.org/downloads/",
            "license": [
                "MIT"
            ],
            "authors": [
                {
                    "name": "Yo-An Lin",
                    "email": "yoanlin93@gmail.com",
                    "homepage": "http://c9s.me"
                }
            ],
            "description": "PHP Code Generation Library",
            "homepage": "http://github.com/c9s/CodeGen",
            "time": "2015-08-25T03:48:03+00:00"
        },
        {
            "name": "corneltek/getoptionkit",
            "version": "dev-master",
            "source": {
                "type": "git",
                "url": "https://github.com/c9s/GetOptionKit.git",
                "reference": "14ccb4d8bfd2bf59922ace665ce3af1edb370e09"
            },
            "dist": {
                "type": "zip",
                "url": "https://api.github.com/repos/c9s/GetOptionKit/zipball/14ccb4d8bfd2bf59922ace665ce3af1edb370e09",
                "reference": "14ccb4d8bfd2bf59922ace665ce3af1edb370e09",
                "shasum": ""
            },
            "require": {
                "php": ">=5.3.0"
            },
            "require-dev": {
                "corneltek/phpunit-testmore": "dev-master",
                "phpunit/phpunit": ">=4.8,<6",
                "satooshi/php-coveralls": "^1"
            },
            "type": "library",
            "extra": {
                "branch-alias": {
                    "dev-master": "2.5.x-dev"
                }
            },
            "autoload": {
                "psr-4": {
                    "GetOptionKit\\": "src/"
                }
            },
            "notification-url": "https://packagist.org/downloads/",
            "license": [
                "MIT"
            ],
            "authors": [
                {
                    "name": "Yo-An Lin",
                    "email": "cornelius.howl@gmail.com"
                }
            ],
            "description": "Powerful command-line option toolkit",
            "homepage": "http://github.com/c9s/GetOptionKit",
            "time": "2017-04-26 03:43:57"
        },
        {
            "name": "corneltek/pux",
            "version": "1.6.x-dev",
            "source": {
                "type": "git",
                "url": "https://github.com/c9s/Pux.git",
                "reference": "69882d345563cd1a11588b258b75dd6129c357c9"
            },
            "dist": {
                "type": "zip",
                "url": "https://api.github.com/repos/c9s/Pux/zipball/69882d345563cd1a11588b258b75dd6129c357c9",
                "reference": "69882d345563cd1a11588b258b75dd6129c357c9",
                "shasum": ""
            },
            "require": {
                "corneltek/cliframework": "^2",
                "corneltek/codegen": "^2.1"
            },
            "require-dev": {
                "corneltek/phpunit-testmore": "dev-master",
                "corneltek/universal": "dev-master"
            },
            "type": "library",
            "autoload": {
                "psr-4": {
                    "Pux\\": "src/Pux/"
                }
            },
            "notification-url": "https://packagist.org/downloads/",
            "authors": [
                {
                    "name": "c9s",
                    "email": "cornelius.howl@gmail.com"
                }
            ],
            "description": "Fast PHP router",
            "time": "2016-01-27 07:05:38"
        },
        {
            "name": "corneltek/universal",
            "version": "dev-master",
            "source": {
                "type": "git",
                "url": "https://github.com/corneltek/Universal.git",
                "reference": "7b69d656be18d6b1d01a5a672141c80b43b5c2f3"
            },
            "dist": {
                "type": "zip",
                "url": "https://api.github.com/repos/corneltek/Universal/zipball/7b69d656be18d6b1d01a5a672141c80b43b5c2f3",
                "reference": "7b69d656be18d6b1d01a5a672141c80b43b5c2f3",
                "shasum": ""
            },
            "require": {
                "php": ">=5.3.0"
            },
            "require-dev": {
                "corneltek/phpunit-testmore": "dev-master",
                "satooshi/php-coveralls": "^1"
            },
            "type": "library",
            "extra": {
                "branch-alias": {
                    "dev-master": "1.8.x-dev"
                }
            },
            "autoload": {
                "psr-4": {
                    "Universal\\": "src/Universal/"
                }
            },
            "notification-url": "https://packagist.org/downloads/",
            "license": [
                "MIT"
            ],
            "authors": [
                {
                    "name": "Yo-An Lin",
                    "email": "yoanlin93@gmail.com"
                }
            ],
            "description": "Universal library for PHP",
            "homepage": "http://github.com/corneltek/Universal",
            "time": "2016-06-11 11:51:45"
        },
        {
            "name": "doctrine/inflector",
            "version": "dev-master",
            "source": {
                "type": "git",
                "url": "https://github.com/doctrine/inflector.git",
                "reference": "803a2ed9fea02f9ca47cd45395089fe78769a392"
            },
            "dist": {
                "type": "zip",
                "url": "https://api.github.com/repos/doctrine/inflector/zipball/803a2ed9fea02f9ca47cd45395089fe78769a392",
                "reference": "803a2ed9fea02f9ca47cd45395089fe78769a392",
                "shasum": ""
            },
            "require": {
                "php": ">=5.3.2"
            },
            "require-dev": {
                "phpunit/phpunit": "4.*"
            },
            "type": "library",
            "extra": {
                "branch-alias": {
                    "dev-master": "1.1.x-dev"
                }
            },
            "autoload": {
                "psr-0": {
                    "Doctrine\\Common\\Inflector\\": "lib/"
                }
            },
            "notification-url": "https://packagist.org/downloads/",
            "license": [
                "MIT"
            ],
            "authors": [
                {
                    "name": "Roman Borschel",
                    "email": "roman@code-factory.org"
                },
                {
                    "name": "Benjamin Eberlei",
                    "email": "kontakt@beberlei.de"
                },
                {
                    "name": "Guilherme Blanco",
                    "email": "guilhermeblanco@gmail.com"
                },
                {
                    "name": "Jonathan Wage",
                    "email": "jonwage@gmail.com"
                },
                {
                    "name": "Johannes Schmitt",
                    "email": "schmittjoh@gmail.com"
                }
            ],
            "description": "Common String Manipulations with regard to casing and singular/plural rules.",
            "homepage": "http://www.doctrine-project.org",
            "keywords": [
                "inflection",
                "pluralize",
                "singularize",
                "string"
            ],
            "time": "2016-05-12 17:23:41"
        },
        {
            "name": "pimple/pimple",
            "version": "dev-master",
            "source": {
                "type": "git",
                "url": "https://github.com/silexphp/Pimple.git",
                "reference": "93ec38f1df4d4ad3f0c71bc9273139fa8af29f3e"
            },
            "dist": {
                "type": "zip",
                "url": "https://api.github.com/repos/silexphp/Pimple/zipball/93ec38f1df4d4ad3f0c71bc9273139fa8af29f3e",
                "reference": "93ec38f1df4d4ad3f0c71bc9273139fa8af29f3e",
                "shasum": ""
            },
            "require": {
                "php": ">=5.3.0"
            },
            "require-dev": {
                "symfony/phpunit-bridge": "^3.2"
            },
            "type": "library",
            "extra": {
                "branch-alias": {
                    "dev-master": "3.0.x-dev"
                }
            },
            "autoload": {
                "psr-0": {
                    "Pimple": "src/"
                }
            },
            "notification-url": "https://packagist.org/downloads/",
            "license": [
                "MIT"
            ],
            "authors": [
                {
                    "name": "Fabien Potencier",
                    "email": "fabien@symfony.com"
                }
            ],
            "description": "Pimple, a simple Dependency Injection Container",
            "homepage": "http://pimple.sensiolabs.org",
            "keywords": [
                "container",
                "dependency injection"
            ],
            "time": "2017-03-24 14:13:45"
        },
        {
            "name": "qore/admin",
            "version": "dev-master",
            "source": {
                "type": "git",
                "url": "https://github.com/qoreframework/admin.git",
                "reference": "f553f04a85c9b31a114adf49f8308300569d153c"
            },
            "dist": {
                "type": "zip",
                "url": "https://api.github.com/repos/qoreframework/admin/zipball/f553f04a85c9b31a114adf49f8308300569d153c",
                "reference": "f553f04a85c9b31a114adf49f8308300569d153c",
                "shasum": ""
            },
            "require": {
                "php": ">=7.0"
            },
            "type": "qore-module",
            "autoload": {
                "psr-0": {
                    "Qore": "src"
                }
            },
            "notification-url": "https://packagist.org/downloads/",
            "license": [
                "MIT"
            ],
            "authors": [
                {
                    "name": "Andrew Quackenbos",
                    "email": "a.quackenbos@gmail.com",
                    "homepage": "http://andrew.quackenbos.me",
                    "role": "Developer"
                }
            ],
            "description": "The admin and configuration module for Qore Framework",
            "keywords": [
                "admin",
                "framework",
                "module",
                "qore",
                "qore-framework",
                "qore-module"
            ],
            "time": "2017-04-26 17:07:46"
        },
        {
            "name": "qore/framework",
            "version": "dev-master",
            "source": {
                "type": "git",
                "url": "https://github.com/qoreframework/framework.git",
                "reference": "b95a7a478917d19018f42763e159f790ea6971cf"
            },
            "dist": {
                "type": "zip",
                "url": "https://api.github.com/repos/qoreframework/framework/zipball/b95a7a478917d19018f42763e159f790ea6971cf",
                "reference": "b95a7a478917d19018f42763e159f790ea6971cf",
                "shasum": ""
            },
            "require": {
                "corneltek/pux": "~1.5",
                "php": ">=7.0",
                "qore/admin": "dev-master",
                "twig/twig": "^2.0",
                "usmanhalalit/pixie": ">=2.0"
            },
            "type": "framework",
            "autoload": {
                "psr-0": {
                    "Qore": "src"
                }
            },
            "notification-url": "https://packagist.org/downloads/",
            "license": [
                "MIT"
            ],
            "authors": [
                {
                    "name": "Andrew Quackenbos",
                    "email": "a.quackenbos@gmail.com",
                    "homepage": "http://andrew.quackenbos.me",
                    "role": "Developer"
                }
            ],
            "description": "A lightweight framework for PHP 7",
            "keywords": [
                "framework",
                "qore",
                "qore-framework"
            ],
            "time": "2017-04-26 17:05:44"
        },
        {
            "name": "symfony/class-loader",
            "version": "2.8.x-dev",
            "source": {
                "type": "git",
                "url": "https://github.com/symfony/class-loader.git",
                "reference": "6789dc86c94c5686d90aa416ef63eb911e73fd26"
            },
            "dist": {
                "type": "zip",
                "url": "https://api.github.com/repos/symfony/class-loader/zipball/6789dc86c94c5686d90aa416ef63eb911e73fd26",
                "reference": "6789dc86c94c5686d90aa416ef63eb911e73fd26",
                "shasum": ""
            },
            "require": {
                "php": ">=5.3.9",
                "symfony/polyfill-apcu": "~1.1"
            },
            "require-dev": {
                "symfony/finder": "^2.0.5|~3.0.0"
            },
            "type": "library",
            "extra": {
                "branch-alias": {
                    "dev-master": "2.8-dev"
                }
            },
            "autoload": {
                "psr-4": {
                    "Symfony\\Component\\ClassLoader\\": ""
                },
                "exclude-from-classmap": [
                    "/Tests/"
                ]
            },
            "notification-url": "https://packagist.org/downloads/",
            "license": [
                "MIT"
            ],
            "authors": [
                {
                    "name": "Fabien Potencier",
                    "email": "fabien@symfony.com"
                },
                {
                    "name": "Symfony Community",
                    "homepage": "https://symfony.com/contributors"
                }
            ],
            "description": "Symfony ClassLoader Component",
            "homepage": "https://symfony.com",
            "time": "2017-04-12 14:07:15"
        },
        {
            "name": "symfony/finder",
            "version": "2.8.x-dev",
            "source": {
                "type": "git",
                "url": "https://github.com/symfony/finder.git",
                "reference": "16d55394b31547e4a8494551b85c9b9915545347"
            },
            "dist": {
                "type": "zip",
                "url": "https://api.github.com/repos/symfony/finder/zipball/16d55394b31547e4a8494551b85c9b9915545347",
                "reference": "16d55394b31547e4a8494551b85c9b9915545347",
                "shasum": ""
            },
            "require": {
                "php": ">=5.3.9"
            },
            "type": "library",
            "extra": {
                "branch-alias": {
                    "dev-master": "2.8-dev"
                }
            },
            "autoload": {
                "psr-4": {
                    "Symfony\\Component\\Finder\\": ""
                },
                "exclude-from-classmap": [
                    "/Tests/"
                ]
            },
            "notification-url": "https://packagist.org/downloads/",
            "license": [
                "MIT"
            ],
            "authors": [
                {
                    "name": "Fabien Potencier",
                    "email": "fabien@symfony.com"
                },
                {
                    "name": "Symfony Community",
                    "homepage": "https://symfony.com/contributors"
                }
            ],
            "description": "Symfony Finder Component",
            "homepage": "https://symfony.com",
            "time": "2017-04-12 14:07:15"
        },
        {
            "name": "symfony/polyfill-apcu",
            "version": "dev-master",
            "source": {
                "type": "git",
                "url": "https://github.com/symfony/polyfill-apcu.git",
                "reference": "5d4474f447403c3348e37b70acc2b95475b7befa"
            },
            "dist": {
                "type": "zip",
                "url": "https://api.github.com/repos/symfony/polyfill-apcu/zipball/5d4474f447403c3348e37b70acc2b95475b7befa",
                "reference": "5d4474f447403c3348e37b70acc2b95475b7befa",
                "shasum": ""
            },
            "require": {
                "php": ">=5.3.3"
            },
            "type": "library",
            "extra": {
                "branch-alias": {
                    "dev-master": "1.3-dev"
                }
            },
            "autoload": {
                "files": [
                    "bootstrap.php"
                ]
            },
            "notification-url": "https://packagist.org/downloads/",
            "license": [
                "MIT"
            ],
            "authors": [
                {
                    "name": "Nicolas Grekas",
                    "email": "p@tchwork.com"
                },
                {
                    "name": "Symfony Community",
                    "homepage": "https://symfony.com/contributors"
                }
            ],
            "description": "Symfony polyfill backporting apcu_* functions to lower PHP versions",
            "homepage": "https://symfony.com",
            "keywords": [
                "apcu",
                "compatibility",
                "polyfill",
                "portable",
                "shim"
            ],
            "time": "2016-11-14 01:06:16"
        },
        {
            "name": "symfony/polyfill-mbstring",
            "version": "dev-master",
            "source": {
                "type": "git",
                "url": "https://github.com/symfony/polyfill-mbstring.git",
                "reference": "e79d363049d1c2128f133a2667e4f4190904f7f4"
            },
            "dist": {
                "type": "zip",
                "url": "https://api.github.com/repos/symfony/polyfill-mbstring/zipball/e79d363049d1c2128f133a2667e4f4190904f7f4",
                "reference": "e79d363049d1c2128f133a2667e4f4190904f7f4",
                "shasum": ""
            },
            "require": {
                "php": ">=5.3.3"
            },
            "suggest": {
                "ext-mbstring": "For best performance"
            },
            "type": "library",
            "extra": {
                "branch-alias": {
                    "dev-master": "1.3-dev"
                }
            },
            "autoload": {
                "psr-4": {
                    "Symfony\\Polyfill\\Mbstring\\": ""
                },
                "files": [
                    "bootstrap.php"
                ]
            },
            "notification-url": "https://packagist.org/downloads/",
            "license": [
                "MIT"
            ],
            "authors": [
                {
                    "name": "Nicolas Grekas",
                    "email": "p@tchwork.com"
                },
                {
                    "name": "Symfony Community",
                    "homepage": "https://symfony.com/contributors"
                }
            ],
            "description": "Symfony polyfill for the Mbstring extension",
            "homepage": "https://symfony.com",
            "keywords": [
                "compatibility",
                "mbstring",
                "polyfill",
                "portable",
                "shim"
            ],
            "time": "2016-11-14 01:06:16"
        },
        {
            "name": "twig/twig",
            "version": "2.x-dev",
            "source": {
                "type": "git",
                "url": "https://github.com/twigphp/Twig.git",
                "reference": "880856b23335f7328085f9b0409738f71f077af1"
            },
            "dist": {
                "type": "zip",
                "url": "https://api.github.com/repos/twigphp/Twig/zipball/880856b23335f7328085f9b0409738f71f077af1",
                "reference": "880856b23335f7328085f9b0409738f71f077af1",
                "shasum": ""
            },
            "require": {
                "php": "^7.0",
                "symfony/polyfill-mbstring": "~1.0"
            },
            "require-dev": {
                "psr/container": "^1.0",
                "symfony/debug": "~2.7",
                "symfony/phpunit-bridge": "~3.3@dev"
            },
            "type": "library",
            "extra": {
                "branch-alias": {
                    "dev-master": "2.3-dev"
                }
            },
            "autoload": {
                "psr-0": {
                    "Twig_": "lib/"
                }
            },
            "notification-url": "https://packagist.org/downloads/",
            "license": [
                "BSD-3-Clause"
            ],
            "authors": [
                {
                    "name": "Fabien Potencier",
                    "email": "fabien@symfony.com",
                    "homepage": "http://fabien.potencier.org",
                    "role": "Lead Developer"
                },
                {
                    "name": "Armin Ronacher",
                    "email": "armin.ronacher@active-4.com",
                    "role": "Project Founder"
                },
                {
                    "name": "Twig Team",
                    "homepage": "http://twig.sensiolabs.org/contributors",
                    "role": "Contributors"
                }
            ],
            "description": "Twig, the flexible, fast, and secure template language for PHP",
            "homepage": "http://twig.sensiolabs.org",
            "keywords": [
                "templating"
            ],
            "time": "2017-04-21 00:13:40"
        },
        {
            "name": "usmanhalalit/pixie",
            "version": "dev-master",
            "source": {
                "type": "git",
                "url": "https://github.com/usmanhalalit/pixie.git",
                "reference": "5820ef4f62c7be697767fd84830b7ad6fc057375"
            },
            "dist": {
                "type": "zip",
                "url": "https://api.github.com/repos/usmanhalalit/pixie/zipball/5820ef4f62c7be697767fd84830b7ad6fc057375",
                "reference": "5820ef4f62c7be697767fd84830b7ad6fc057375",
                "shasum": ""
            },
            "require": {
                "php": ">=5.4.0",
                "usmanhalalit/viocon": "1.0.*@dev"
            },
            "require-dev": {
                "mockery/mockery": "0.9.4",
                "phpunit/phpunit": "^4.8"
            },
            "type": "library",
            "autoload": {
                "psr-0": {
                    "Pixie": "src/"
                }
            },
            "notification-url": "https://packagist.org/downloads/",
            "license": [
                "MIT"
            ],
            "authors": [
                {
                    "name": "Muhammad Usman",
                    "email": "hi@usman.it",
                    "role": "Developer"
                },
                {
                    "name": "Pavel Puchkin",
                    "email": "i@neoascetic.me",
                    "role": "Developer"
                }
            ],
            "description": "A lightweight, expressive, framework agnostic query builder for PHP.",
            "homepage": "https://github.com/usmanhalalit/pixie",
            "keywords": [
                "database",
                "mysql",
                "postgresql",
                "query builder",
                "sql",
                "sqlite"
            ],
            "time": "2016-04-08 10:58:01"
        },
        {
            "name": "usmanhalalit/viocon",
            "version": "1.0.x-dev",
            "source": {
                "type": "git",
                "url": "https://github.com/usmanhalalit/viocon.git",
                "reference": "0878afee16f15355971fb95bf3c6d297aceff35d"
            },
            "dist": {
                "type": "zip",
                "url": "https://api.github.com/repos/usmanhalalit/viocon/zipball/0878afee16f15355971fb95bf3c6d297aceff35d",
                "reference": "0878afee16f15355971fb95bf3c6d297aceff35d",
                "shasum": ""
            },
            "require": {
                "php": ">=5.3.0"
            },
            "require-dev": {
                "phpunit/phpunit": "3.7.*"
            },
            "type": "library",
            "autoload": {
                "psr-0": {
                    "Viocon": "src/"
                }
            },
            "notification-url": "https://packagist.org/downloads/",
            "license": [
                "MIT"
            ],
            "authors": [
                {
                    "name": "Muhammad Usman",
                    "email": "hi@usman.it",
                    "role": "Developer"
                }
            ],
            "description": "A simple and flexible Dependency Injection container for PHP.",
            "homepage": "https://github.com/usmanhalalit/viocon",
            "keywords": [
                "container",
                "di",
                "ioc",
                "test"
            ],
            "time": "2013-07-13 19:54:56"
        }
    ],
    "packages-dev": [
        {
            "name": "heroku/heroku-buildpack-php",
            "version": "dev-master",
            "source": {
                "type": "git",
                "url": "https://github.com/heroku/heroku-buildpack-php.git",
                "reference": "727aa850a02a7af94c9225237464be8e8c8ff6db"
            },
            "dist": {
                "type": "zip",
                "url": "https://api.github.com/repos/heroku/heroku-buildpack-php/zipball/727aa850a02a7af94c9225237464be8e8c8ff6db",
                "reference": "727aa850a02a7af94c9225237464be8e8c8ff6db",
                "shasum": ""
            },
            "bin": [
                "bin/heroku-hhvm-apache2",
                "bin/heroku-hhvm-nginx",
                "bin/heroku-php-apache2",
                "bin/heroku-php-nginx"
            ],
            "type": "library",
            "notification-url": "https://packagist.org/downloads/",
            "license": [
                "MIT"
            ],
            "authors": [
                {
                    "name": "David Zuelke",
                    "email": "dz@heroku.com"
                }
            ],
            "description": "Toolkit for starting a PHP application locally, with or without foreman, using the same config for PHP/HHVM and Apache2/Nginx as on Heroku",
            "homepage": "https://github.com/heroku/heroku-buildpack-php",
            "keywords": [
                "apache",
                "apache2",
                "foreman",
                "heroku",
                "hhvm",
                "nginx",
                "php"
            ],
            "time": "2017-03-27T23:33:27+00:00"
        }
    ],
    "aliases": [],
    "minimum-stability": "dev",
    "stability-flags": {
        "qore/framework": 20
    },
    "prefer-stable": false,
    "prefer-lowest": false,
    "platform": [],
    "platform-dev": []
}
